
Microsoft Visual Studio Solution File, Format Version 12.00
# Visual Studio Version 17
VisualStudioVersion = 17.14.36429.23
MinimumVisualStudioVersion = 10.0.40219.1
Project("{FAE04EC0-301F-11D3-BF4B-00C04F79EFBC}") = "CosialApp", "CosialApp\CosialApp.csproj", "{1A02AF5B-B716-4579-92AC-45F691D4F030}"
EndProject
Project("{FAE04EC0-301F-11D3-BF4B-00C04F79EFBC}") = "CircleApp.Data", "CircleApp.Data\CircleApp.Data.csproj", "{4720AC67-2FB6-4E10-AAB5-8A20C1946400}"
EndProject
Global
	GlobalSection(SolutionConfigurationPlatforms) = preSolution
		Debug|Any CPU = Debug|Any CPU
		Release|Any CPU = Release|Any CPU
	EndGlobalSection
	GlobalSection(ProjectConfigurationPlatforms) = postSolution
		{1A02AF5B-B716-4579-92AC-45F691D4F030}.Debug|Any CPU.ActiveCfg = Debug|Any CPU
		{1A02AF5B-B716-4579-92AC-45F691D4F030}.Debug|Any CPU.Build.0 = Debug|Any CPU
		{1A02AF5B-B716-4579-92AC-45F691D4F030}.Release|Any CPU.ActiveCfg = Release|Any CPU
		{1A02AF5B-B716-4579-92AC-45F691D4F030}.Release|Any CPU.Build.0 = Release|Any CPU
		{4720AC67-2FB6-4E10-AAB5-8A20C1946400}.Debug|Any CPU.ActiveCfg = Debug|Any CPU
		{4720AC67-2FB6-4E10-AAB5-8A20C1946400}.Debug|Any CPU.Build.0 = Debug|Any CPU
		{4720AC67-2FB6-4E10-AAB5-8A20C1946400}.Release|Any CPU.ActiveCfg = Release|Any CPU
		{4720AC67-2FB6-4E10-AAB5-8A20C1946400}.Release|Any CPU.Build.0 = Release|Any CPU
	EndGlobalSection
	GlobalSection(SolutionProperties) = preSolution
		HideSolutionNode = FALSE
	EndGlobalSection
	GlobalSection(ExtensibilityGlobals) = postSolution
		SolutionGuid = {2C777D47-7054-4419-8942-245927AC7DB6}
	EndGlobalSection
EndGlobal
